// !$*UTF8*$!
{
	archiveVersion = 1;
	classes = {
	};
	objectVersion = 46;
	objects = {

/* Begin PBXBuildFile section */
		3A7077CA1C86130D002D2F1E /* main.m in Sources */ = {isa = PBXBuildFile; fileRef = 3A7077C91C86130D002D2F1E /* main.m */; };
		3A7077CD1C86130D002D2F1E /* AppDelegate.m in Sources */ = {isa = PBXBuildFile; fileRef = 3A7077CC1C86130D002D2F1E /* AppDelegate.m */; };
		3A7077D01C86130D002D2F1E /* ViewController.m in Sources */ = {isa = PBXBuildFile; fileRef = 3A7077CF1C86130D002D2F1E /* ViewController.m */; };
		3A7077D31C86130D002D2F1E /* Main.storyboard in Resources */ = {isa = PBXBuildFile; fileRef = 3A7077D11C86130D002D2F1E /* Main.storyboard */; };
		3A7077D51C86130E002D2F1E /* Assets.xcassets in Resources */ = {isa = PBXBuildFile; fileRef = 3A7077D41C86130E002D2F1E /* Assets.xcassets */; };
		3A7077D81C86130E002D2F1E /* LaunchScreen.storyboard in Resources */ = {isa = PBXBuildFile; fileRef = 3A7077D61C86130E002D2F1E /* LaunchScreen.storyboard */; };
/* End PBXBuildFile section */

/* Begin PBXFileReference section */
		3A7077C51C86130D002D2F1E /* SQPTracker.app */ = {isa = PBXFileReference; explicitFileType = wrapper.application; includeInIndex = 0; path = SQPTracker.app; sourceTree = BUILT_PRODUCTS_DIR; };
		3A7077C91C86130D002D2F1E /* main.m */ = {isa = PBXFileReference; lastKnownFileType = sourcecode.c.objc; path = main.m; sourceTree = "<group>"; };
		3A7077CB1C86130D002D2F1E /* AppDelegate.h */ = {isa = PBXFileReference; lastKnownFileType = sourcecode.c.h; path = AppDelegate.h; sourceTree = "<group>"; };
		3A7077CC1C86130D002D2F1E /* AppDelegate.m */ = {isa = PBXFileReference; lastKnownFileType = sourcecode.c.objc; path = AppDelegate.m; sourceTree = "<group>"; };
		3A7077CE1C86130D002D2F1E /* ViewController.h */ = {isa = PBXFileReference; lastKnownFileType = sourcecode.c.h; path = ViewController.h; sourceTree = "<group>"; };
		3A7077CF1C86130D002D2F1E /* ViewController.m */ = {isa = PBXFileReference; lastKnownFileType = sourcecode.c.objc; path = ViewController.m; sourceTree = "<group>"; };
		3A7077D21C86130D002D2F1E /* Base */ = {isa = PBXFileReference; lastKnownFileType = file.storyboard; name = Base; path = Base.lproj/Main.storyboard; sourceTree = "<group>"; };
		3A7077D41C86130E002D2F1E /* Assets.xcassets */ = {isa = PBXFileReference; lastKnownFileType = folder.assetcatalog; path = Assets.xcassets; sourceTree = "<group>"; };
		3A7077D71C86130E002D2F1E /* Base */ = {isa = PBXFileReference; lastKnownFileType = file.storyboard; name = Base; path = Base.lproj/LaunchScreen.storyboard; sourceTree = "<group>"; };
		3A7077D91C86130E002D2F1E /* Info.plist */ = {isa = PBXFileReference; lastKnownFileType = text.plist.xml; path = Info.plist; sourceTree = "<group>"; };
		3A7077E31C862D7C002D2F1E /* ConfigVars.h */ = {isa = PBXFileReference; lastKnownFileType = sourcecode.c.h; path = ConfigVars.h; sourceTree = "<group>"; };
/* End PBXFileReference section */

/* Begin PBXFrameworksBuildPhase section */
		3A7077C21C86130D002D2F1E /* Frameworks */ = {
			isa = PBXFrameworksBuildPhase;
			buildActionMask = 2147483647;
			files = (
			);
			runOnlyForDeploymentPostprocessing = 0;
		};
/* End PBXFrameworksBuildPhase section */

/* Begin PBXGroup section */
		3A7077BC1C86130D002D2F1E = {
			isa = PBXGroup;
			children = (
				3A7077C71C86130D002D2F1E /* SQPTracker */,
				3A7077C61C86130D002D2F1E /* Products */,
			);
			sourceTree = "<group>";
		};
		3A7077C61C86130D002D2F1E /* Products */ = {
			isa = PBXGroup;
			children = (
				3A7077C51C86130D002D2F1E /* SQPTracker.app */,
			);
			name = Products;
			sourceTree = "<group>";
		};
		3A7077C71C86130D002D2F1E /* SQPTracker */ = {
			isa = PBXGroup;
			children = (
				3A7077E21C86296B002D2F1E /* Views */,
				3A7077DF1C862947002D2F1E /* Controllers */,
				3A7077E01C862947002D2F1E /* Models */,
				3A7077CB1C86130D002D2F1E /* AppDelegate.h */,
				3A7077CC1C86130D002D2F1E /* AppDelegate.m */,
				3A7077CE1C86130D002D2F1E /* ViewController.h */,
				3A7077CF1C86130D002D2F1E /* ViewController.m */,
				3A7077E31C862D7C002D2F1E /* ConfigVars.h */,
				3A7077D11C86130D002D2F1E /* Main.storyboard */,
				3A7077D41C86130E002D2F1E /* Assets.xcassets */,
				3A7077D61C86130E002D2F1E /* LaunchScreen.storyboard */,
				3A7077D91C86130E002D2F1E /* Info.plist */,
				3A7077C81C86130D002D2F1E /* Supporting Files */,
			);
			path = SQPTracker;
			sourceTree = "<group>";
		};
		3A7077C81C86130D002D2F1E /* Supporting Files */ = {
			isa = PBXGroup;
			children = (
				3A7077C91C86130D002D2F1E /* main.m */,
			);
			name = "Supporting Files";
			sourceTree = "<group>";
		};
		3A7077DF1C862947002D2F1E /* Controllers */ = {
			isa = PBXGroup;
			children = (
			);
			path = Controllers;
			sourceTree = "<group>";
		};
		3A7077E01C862947002D2F1E /* Models */ = {
			isa = PBXGroup;
			children = (
			);
			path = Models;
			sourceTree = "<group>";
		};
		3A7077E21C86296B002D2F1E /* Views */ = {
			isa = PBXGroup;
			children = (
			);
			path = Views;
			sourceTree = "<group>";
		};
/* End PBXGroup section */

/* Begin PBXNativeTarget section */
		3A7077C41C86130D002D2F1E /* SQPTracker */ = {
			isa = PBXNativeTarget;
			buildConfigurationList = 3A7077DC1C86130E002D2F1E /* Build configuration list for PBXNativeTarget "SQPTracker" */;
			buildPhases = (
				3A7077C11C86130D002D2F1E /* Sources */,
				3A7077C21C86130D002D2F1E /* Frameworks */,
				3A7077C31C86130D002D2F1E /* Resources */,
			);
			buildRules = (
			);
			dependencies = (
			);
			name = SQPTracker;
			productName = SQPTracker;
			productReference = 3A7077C51C86130D002D2F1E /* SQPTracker.app */;
			productType = "com.apple.product-type.application";
		};
/* End PBXNativeTarget section */

/* Begin PBXProject section */
		3A7077BD1C86130D002D2F1E /* Project object */ = {
			isa = PBXProject;
			attributes = {
				LastUpgradeCheck = 0720;
				ORGANIZATIONNAME = mabed;
				TargetAttributes = {
					3A7077C41C86130D002D2F1E = {
						CreatedOnToolsVersion = 7.2;
					};
				};
			};
			buildConfigurationList = 3A7077C01C86130D002D2F1E /* Build configuration list for PBXProject "SQPTracker" */;
			compatibilityVersion = "Xcode 3.2";
			developmentRegion = English;
			hasScannedForEncodings = 0;
			knownRegions = (
				en,
				Base,
			);
			mainGroup = 3A7077BC1C86130D002D2F1E;
			productRefGroup = 3A7077C61C86130D002D2F1E /* Products */;
			projectDirPath = "";
			projectRoot = "";
			targets = (
				3A7077C41C86130D002D2F1E /* SQPTracker */,
			);
		};
/* End PBXProject section */

/* Begin PBXResourcesBuildPhase section */
		3A7077C31C86130D002D2F1E /* Resources */ = {
			isa = PBXResourcesBuildPhase;
			buildActionMask = 2147483647;
			files = (
				3A7077D81C86130E002D2F1E /* LaunchScreen.storyboard in Resources */,
				3A7077D51C86130E002D2F1E /* Assets.xcassets in Resources */,
				3A7077D31C86130D002D2F1E /* Main.storyboard in Resources */,
			);
			runOnlyForDeploymentPostprocessing = 0;
		};
/* End PBXResourcesBuildPhase section */

/* Begin PBXSourcesBuildPhase section */
		3A7077C11C86130D002D2F1E /* Sources */ = {
			isa = PBXSourcesBuildPhase;
			buildActionMask = 2147483647;
			files = (
				3A7077D01C86130D002D2F1E /* ViewController.m in Sources */,
				3A7077CD1C86130D002D2F1E /* AppDelegate.m in Sources */,
				3A7077CA1C86130D002D2F1E /* main.m in Sources */,
			);
			runOnlyForDeploymentPostprocessing = 0;
		};
/* End PBXSourcesBuildPhase section */

/* Begin PBXVariantGroup section */
		3A7077D11C86130D002D2F1E /* Main.storyboard */ = {
			isa = PBXVariantGroup;
			children = (
				3A7077D21C86130D002D2F1E /* Base */,
			);
			name = Main.storyboard;
			sourceTree = "<group>";
		};
		3A7077D61C86130E002D2F1E /* LaunchScreen.storyboard */ = {
			isa = PBXVariantGroup;
			children = (
				3A7077D71C86130E002D2F1E /* Base */,
			);
			name = LaunchScreen.storyboard;
			sourceTree = "<group>";
		};
/* End PBXVariantGroup section */

/* Begin XCBuildConfiguration section */
		3A7077DA1C86130E002D2F1E /* Debug */ = {
			isa = XCBuildConfiguration;
			buildSettings = {
				ALWAYS_SEARCH_USER_PATHS = NO;
				CLANG_CXX_LANGUAGE_STANDARD = "gnu++0x";
				CLANG_CXX_LIBRARY = "libc++";
				CLANG_ENABLE_MODULES = YES;
				CLANG_ENABLE_OBJC_ARC = YES;
				CLANG_WARN_BOOL_CONVERSION = YES;
				CLANG_WARN_CONSTANT_CONVERSION = YES;
				CLANG_WARN_DIRECT_OBJC_ISA_USAGE = YES_ERROR;
				CLANG_WARN_EMPTY_BODY = YES;
				CLANG_WARN_ENUM_CONVERSION = YES;
				CLANG_WARN_INT_CONVERSION = YES;
				CLANG_WARN_OBJC_ROOT_CLASS = YES_ERROR;
				CLANG_WARN_UNREACHABLE_CODE = YES;
				CLANG_WARN__DUPLICATE_METHOD_MATCH = YES;
				"CODE_SIGN_IDENTITY[sdk=iphoneos*]" = "iPhone Developer";
				COPY_PHASE_STRIP = NO;
				DEBUG_INFORMATION_FORMAT = dwarf;
				ENABLE_STRICT_OBJC_MSGSEND = YES;
				ENABLE_TESTABILITY = YES;
				GCC_C_LANGUAGE_STANDARD = gnu99;
				GCC_DYNAMIC_NO_PIC = NO;
				GCC_NO_COMMON_BLOCKS = YES;
				GCC_OPTIMIZATION_LEVEL = 0;
				GCC_PREPROCESSOR_DEFINITIONS = (
					"DEBUG=1",
					"$(inherited)",
				);
				GCC_WARN_64_TO_32_BIT_CONVERSION = YES;
				GCC_WARN_ABOUT_RETURN_TYPE = YES_ERROR;
				GCC_WARN_UNDECLARED_SELECTOR = YES;
				GCC_WARN_UNINITIALIZED_AUTOS = YES_AGGRESSIVE;
				GCC_WARN_UNUSED_FUNCTION = YES;
				GCC_WARN_UNUSED_VARIABLE = YES;
				IPHONEOS_DEPLOYMENT_TARGET = 9.2;
				MTL_ENABLE_DEBUG_INFO = YES;
				ONLY_ACTIVE_ARCH = YES;
				SDKROOT = iphoneos;
			};
			name = Debug;
		};
		3A7077DB1C86130E002D2F1E /* Release */ = {
			isa = XCBuildConfiguration;
			buildSettings = {
				ALWAYS_SEARCH_USER_PATHS = NO;
				CLANG_CXX_LANGUAGE_STANDARD = "gnu++0x";
				CLANG_CXX_LIBRARY = "libc++";
				CLANG_ENABLE_MODULES = YES;
				CLANG_ENABLE_OBJC_ARC = YES;
				CLANG_WARN_BOOL_CONVERSION = YES;
				CLANG_WARN_CONSTANT_CONVERSION = YES;
				CLANG_WARN_DIRECT_OBJC_ISA_USAGE = YES_ERROR;
				CLANG_WARN_EMPTY_BODY = YES;
				CLANG_WARN_ENUM_CONVERSION = YES;
				CLANG_WARN_INT_CONVERSION = YES;
				CLANG_WARN_OBJC_ROOT_CLASS = YES_ERROR;
				CLANG_WARN_UNREACHABLE_CODE = YES;
				CLANG_WARN__DUPLICATE_METHOD_MATCH = YES;
				"CODE_SIGN_IDENTITY[sdk=iphoneos*]" = "iPhone Developer";
				COPY_PHASE_STRIP = NO;
				DEBUG_INFORMATION_FORMAT = "dwarf-with-dsym";
				ENABLE_NS_ASSERTIONS = NO;
				ENABLE_STRICT_OBJC_MSGSEND = YES;
				GCC_C_LANGUAGE_STANDARD = gnu99;
				GCC_NO_COMMON_BLOCKS = YES;
				GCC_WARN_64_TO_32_BIT_CONVERSION = YES;
				GCC_WARN_ABOUT_RETURN_TYPE = YES_ERROR;
				GCC_WARN_UNDECLARED_SELECTOR = YES;
				GCC_WARN_UNINITIALIZED_AUTOS = YES_AGGRESSIVE;
				GCC_WARN_UNUSED_FUNCTION = YES;
				GCC_WARN_UNUSED_VARIABLE = YES;
				IPHONEOS_DEPLOYMENT_TARGET = 9.2;
				MTL_ENABLE_DEBUG_INFO = NO;
				SDKROOT = iphoneos;
				VALIDATE_PRODUCT = YES;
			};
			name = Release;
		};
		3A7077DD1C86130E002D2F1E /* Debug */ = {
			isa = XCBuildConfiguration;
			buildSettings = {
				ASSETCATALOG_COMPILER_APPICON_NAME = AppIcon;
				INFOPLIST_FILE = SQPTracker/Info.plist;
				LD_RUNPATH_SEARCH_PATHS = "$(inherited) @executable_path/Frameworks";
				PRODUCT_BUNDLE_IDENTIFIER = xxx.SQPTracker;
				PRODUCT_NAME = "$(TARGET_NAME)";
				TARGETED_DEVICE_FAMILY = "1,2";
			};
			name = Debug;
		};
		3A7077DE1C86130E002D2F1E /* Release */ = {
			isa = XCBuildConfiguration;
			buildSettings = {
				ASSETCATALOG_COMPILER_APPICON_NAME = AppIcon;
				INFOPLIST_FILE = SQPTracker/Info.plist;
				LD_RUNPATH_SEARCH_PATHS = "$(inherited) @executable_path/Frameworks";
				PRODUCT_BUNDLE_IDENTIFIER = xxx.SQPTracker;
				PRODUCT_NAME = "$(TARGET_NAME)";
				TARGETED_DEVICE_FAMILY = "1,2";
			};
			name = Release;
		};
/* End XCBuildConfiguration section */

/* Begin XCConfigurationList section */
		3A7077C01C86130D002D2F1E /* Build configuration list for PBXProject "SQPTracker" */ = {
			isa = XCConfigurationList;
			buildConfigurations = (
				3A7077DA1C86130E002D2F1E /* Debug */,
				3A7077DB1C86130E002D2F1E /* Release */,
			);
			defaultConfigurationIsVisible = 0;
			defaultConfigurationName = Release;
		};
		3A7077DC1C86130E002D2F1E /* Build configuration list for PBXNativeTarget "SQPTracker" */ = {
			isa = XCConfigurationList;
			buildConfigurations = (
				3A7077DD1C86130E002D2F1E /* Debug */,
				3A7077DE1C86130E002D2F1E /* Release */,
			);
			defaultConfigurationIsVisible = 0;
		};
/* End XCConfigurationList section */
	};
	rootObject = 3A7077BD1C86130D002D2F1E /* Project object */;
}
